
Microsoft Visual Studio Solution File, Format Version 12.00
Project("{FAE04EC0-301F-11D3-BF4B-00C04F79EFBC}") = "AdventOfCode", "AdventOfCode\AdventOfCode.csproj", "{23A08369-F406-4426-9087-ECA368D6E733}"
EndProject
Project("{FAE04EC0-301F-11D3-BF4B-00C04F79EFBC}") = "AdventOfCodeTest", "AdventOfCodeTest\AdventOfCodeTest.csproj", "{C36AC0DF-21D1-42AE-807E-6BA7CF73A078}"
EndProject
Global
	GlobalSection(SolutionConfigurationPlatforms) = preSolution
		Debug|Any CPU = Debug|Any CPU
		Release|Any CPU = Release|Any CPU
	EndGlobalSection
	GlobalSection(ProjectConfigurationPlatforms) = postSolution
		{23A08369-F406-4426-9087-ECA368D6E733}.Debug|Any CPU.ActiveCfg = Debug|Any CPU
		{23A08369-F406-4426-9087-ECA368D6E733}.Debug|Any CPU.Build.0 = Debug|Any CPU
		{23A08369-F406-4426-9087-ECA368D6E733}.Release|Any CPU.ActiveCfg = Release|Any CPU
		{23A08369-F406-4426-9087-ECA368D6E733}.Release|Any CPU.Build.0 = Release|Any CPU
		{C36AC0DF-21D1-42AE-807E-6BA7CF73A078}.Debug|Any CPU.ActiveCfg = Debug|Any CPU
		{C36AC0DF-21D1-42AE-807E-6BA7CF73A078}.Debug|Any CPU.Build.0 = Debug|Any CPU
		{C36AC0DF-21D1-42AE-807E-6BA7CF73A078}.Release|Any CPU.ActiveCfg = Release|Any CPU
		{C36AC0DF-21D1-42AE-807E-6BA7CF73A078}.Release|Any CPU.Build.0 = Release|Any CPU
	EndGlobalSection
EndGlobal
